dependencies:
- name: sonar-ui
  repository: ""
  version: 0.7.0
- name: postgresql
  repository: oci://registry-1.docker.io/bitnamicharts
  version: 15.2.8
- name: prometheus
  repository: https://prometheus-community.github.io/helm-charts
  version: 25.2.0
digest: sha256:6ae7fa0abdc0c0d95425ef4666e800417778dfbbca3aebd0cf6c53b9c680d0fc
generated: "2024-06-10T14:44:24.586738-07:00"
